
Microsoft Visual Studio Solution File, Format Version 12.00
# Visual Studio Version 16
VisualStudioVersion = 16.0.31005.135
MinimumVisualStudioVersion = 10.0.40219.1
Project("{9A19103F-16F7-4668-BE54-9A1E7A4F7556}") = "Steiner-tree", "Steiner-tree.csproj", "{E395BA11-C25C-4476-AD50-BE481E8B2242}"
EndProject
Project("{FAE04EC0-301F-11D3-BF4B-00C04F79EFBC}") = "SteinerTree", "..\StrinerTree\SteinerTree.csproj", "{78466FE4-C065-4409-B503-159CDA211E62}"
EndProject
Global
	GlobalSection(SolutionConfigurationPlatforms) = preSolution
		Debug|Any CPU = Debug|Any CPU
		Release|Any CPU = Release|Any CPU
	EndGlobalSection
	GlobalSection(ProjectConfigurationPlatforms) = postSolution
		{E395BA11-C25C-4476-AD50-BE481E8B2242}.Debug|Any CPU.ActiveCfg = Debug|Any CPU
		{E395BA11-C25C-4476-AD50-BE481E8B2242}.Debug|Any CPU.Build.0 = Debug|Any CPU
		{E395BA11-C25C-4476-AD50-BE481E8B2242}.Release|Any CPU.ActiveCfg = Release|Any CPU
		{E395BA11-C25C-4476-AD50-BE481E8B2242}.Release|Any CPU.Build.0 = Release|Any CPU
		{78466FE4-C065-4409-B503-159CDA211E62}.Debug|Any CPU.ActiveCfg = Debug|Any CPU
		{78466FE4-C065-4409-B503-159CDA211E62}.Debug|Any CPU.Build.0 = Debug|Any CPU
		{78466FE4-C065-4409-B503-159CDA211E62}.Release|Any CPU.ActiveCfg = Release|Any CPU
		{78466FE4-C065-4409-B503-159CDA211E62}.Release|Any CPU.Build.0 = Release|Any CPU
	EndGlobalSection
	GlobalSection(SolutionProperties) = preSolution
		HideSolutionNode = FALSE
	EndGlobalSection
	GlobalSection(ExtensibilityGlobals) = postSolution
		SolutionGuid = {4B739B29-A26A-46BF-857E-56FE7C9017EA}
	EndGlobalSection
EndGlobal
