
Microsoft Visual Studio Solution File, Format Version 12.00
# Visual Studio Version 16
VisualStudioVersion = 16.0.31005.135
MinimumVisualStudioVersion = 10.0.40219.1
Project("{FAE04EC0-301F-11D3-BF4B-00C04F79EFBC}") = "Steiner-tree", "Steiner-tree.csproj", "{9B9397C7-46BD-4991-A536-3D17A35F8D22}"
EndProject
Global
	GlobalSection(SolutionConfigurationPlatforms) = preSolution
		Debug|Any CPU = Debug|Any CPU
		Release|Any CPU = Release|Any CPU
	EndGlobalSection
	GlobalSection(ProjectConfigurationPlatforms) = postSolution
		{9B9397C7-46BD-4991-A536-3D17A35F8D22}.Debug|Any CPU.ActiveCfg = Debug|Any CPU
		{9B9397C7-46BD-4991-A536-3D17A35F8D22}.Debug|Any CPU.Build.0 = Debug|Any CPU
		{9B9397C7-46BD-4991-A536-3D17A35F8D22}.Release|Any CPU.ActiveCfg = Release|Any CPU
		{9B9397C7-46BD-4991-A536-3D17A35F8D22}.Release|Any CPU.Build.0 = Release|Any CPU
	EndGlobalSection
	GlobalSection(SolutionProperties) = preSolution
		HideSolutionNode = FALSE
	EndGlobalSection
	GlobalSection(ExtensibilityGlobals) = postSolution
		SolutionGuid = {4B739B29-A26A-46BF-857E-56FE7C9017EA}
	EndGlobalSection
EndGlobal
